
Microsoft Visual Studio Solution File, Format Version 12.00
# Visual Studio Version 17
VisualStudioVersion = 17.9.34728.123
MinimumVisualStudioVersion = 10.0.40219.1
Project("{9A19103F-16F7-4668-BE54-9A1E7A4F7556}") = "KLATaskApp.Server", "KLATaskApp.Server\KLATaskApp.Server.csproj", "{CCE43CCA-603A-49B9-9A2F-D716788FF8D5}"
EndProject
Project("{54A90642-561A-4BB1-A94E-469ADEE60C69}") = "klataskapp.client", "klataskapp.client\klataskapp.client.esproj", "{16A57876-D3BA-490F-BD63-60E04A9C3A04}"
EndProject
Project("{2150E333-8FDC-42A3-9474-1A3956D46DE8}") = "Solution Items", "Solution Items", "{5775D68D-FC30-4BA7-BBBD-D5E4C8F9C81A}"
EndProject
Global
	GlobalSection(SolutionConfigurationPlatforms) = preSolution
		Debug|Any CPU = Debug|Any CPU
		Release|Any CPU = Release|Any CPU
	EndGlobalSection
	GlobalSection(ProjectConfigurationPlatforms) = postSolution
		{CCE43CCA-603A-49B9-9A2F-D716788FF8D5}.Debug|Any CPU.ActiveCfg = Debug|Any CPU
		{CCE43CCA-603A-49B9-9A2F-D716788FF8D5}.Debug|Any CPU.Build.0 = Debug|Any CPU
		{CCE43CCA-603A-49B9-9A2F-D716788FF8D5}.Release|Any CPU.ActiveCfg = Release|Any CPU
		{CCE43CCA-603A-49B9-9A2F-D716788FF8D5}.Release|Any CPU.Build.0 = Release|Any CPU
		{16A57876-D3BA-490F-BD63-60E04A9C3A04}.Debug|Any CPU.ActiveCfg = Debug|Any CPU
		{16A57876-D3BA-490F-BD63-60E04A9C3A04}.Debug|Any CPU.Build.0 = Debug|Any CPU
		{16A57876-D3BA-490F-BD63-60E04A9C3A04}.Debug|Any CPU.Deploy.0 = Debug|Any CPU
		{16A57876-D3BA-490F-BD63-60E04A9C3A04}.Release|Any CPU.ActiveCfg = Release|Any CPU
		{16A57876-D3BA-490F-BD63-60E04A9C3A04}.Release|Any CPU.Build.0 = Release|Any CPU
		{16A57876-D3BA-490F-BD63-60E04A9C3A04}.Release|Any CPU.Deploy.0 = Release|Any CPU
	EndGlobalSection
	GlobalSection(SolutionProperties) = preSolution
		HideSolutionNode = FALSE
	EndGlobalSection
	GlobalSection(ExtensibilityGlobals) = postSolution
		SolutionGuid = {977380FB-37C0-4FEE-A074-53FA3BE7B719}
	EndGlobalSection
EndGlobal
